
Microsoft Visual Studio Solution File, Format Version 12.00
# Visual Studio Version 16
VisualStudioVersion = 16.0.30523.141
MinimumVisualStudioVersion = 10.0.40219.1
Project("{FAE04EC0-301F-11D3-BF4B-00C04F79EFBC}") = "ProgrammingProject2", "ProgrammingProject2\ProgrammingProject2.csproj", "{66B8489E-DB86-498F-8FF7-30C15271DC52}"
EndProject
Global
	GlobalSection(SolutionConfigurationPlatforms) = preSolution
		Debug|Any CPU = Debug|Any CPU
		Release|Any CPU = Release|Any CPU
	EndGlobalSection
	GlobalSection(ProjectConfigurationPlatforms) = postSolution
		{66B8489E-DB86-498F-8FF7-30C15271DC52}.Debug|Any CPU.ActiveCfg = Debug|Any CPU
		{66B8489E-DB86-498F-8FF7-30C15271DC52}.Debug|Any CPU.Build.0 = Debug|Any CPU
		{66B8489E-DB86-498F-8FF7-30C15271DC52}.Release|Any CPU.ActiveCfg = Release|Any CPU
		{66B8489E-DB86-498F-8FF7-30C15271DC52}.Release|Any CPU.Build.0 = Release|Any CPU
	EndGlobalSection
	GlobalSection(SolutionProperties) = preSolution
		HideSolutionNode = FALSE
	EndGlobalSection
	GlobalSection(ExtensibilityGlobals) = postSolution
		SolutionGuid = {042E50D2-A111-45A9-B5E7-A297B1856246}
	EndGlobalSection
EndGlobal
